
Microsoft Visual Studio Solution File, Format Version 12.00
# Visual Studio Version 17
VisualStudioVersion = 17.13.35806.99 d17.13
MinimumVisualStudioVersion = 10.0.40219.1
Project("{FAE04EC0-301F-11D3-BF4B-00C04F79EFBC}") = "StudentExamSystem", "StudentExamSystem.csproj", "{7B8FE822-1F6F-4042-87F5-AD364FED3D5B}"
EndProject
Global
	GlobalSection(SolutionConfigurationPlatforms) = preSolution
		Debug|Any CPU = Debug|Any CPU
		Release|Any CPU = Release|Any CPU
	EndGlobalSection
	GlobalSection(ProjectConfigurationPlatforms) = postSolution
		{7B8FE822-1F6F-4042-87F5-AD364FED3D5B}.Debug|Any CPU.ActiveCfg = Debug|Any CPU
		{7B8FE822-1F6F-4042-87F5-AD364FED3D5B}.Debug|Any CPU.Build.0 = Debug|Any CPU
		{7B8FE822-1F6F-4042-87F5-AD364FED3D5B}.Release|Any CPU.ActiveCfg = Release|Any CPU
		{7B8FE822-1F6F-4042-87F5-AD364FED3D5B}.Release|Any CPU.Build.0 = Release|Any CPU
	EndGlobalSection
	GlobalSection(SolutionProperties) = preSolution
		HideSolutionNode = FALSE
	EndGlobalSection
	GlobalSection(ExtensibilityGlobals) = postSolution
		SolutionGuid = {47455FA6-A06C-42D9-BDB9-C814081B77AB}
	EndGlobalSection
EndGlobal
